
Microsoft Visual Studio Solution File, Format Version 12.00
Project("{FAE04EC0-301F-11D3-BF4B-00C04F79EFBC}") = "DiseaseTracker", "DiseaseTracker\DiseaseTracker.csproj", "{5CD43BBF-139F-447E-BB6D-9984E50E6951}"
EndProject
Project("{FAE04EC0-301F-11D3-BF4B-00C04F79EFBC}") = "DiseaseTrackerTests", "DiseaseTrackerTests\DiseaseTrackerTests.csproj", "{8208FD76-03F2-4AC8-9106-0C03777775C2}"
EndProject
Global
	GlobalSection(SolutionConfigurationPlatforms) = preSolution
		Debug|Any CPU = Debug|Any CPU
		Release|Any CPU = Release|Any CPU
	EndGlobalSection
	GlobalSection(ProjectConfigurationPlatforms) = postSolution
		{5CD43BBF-139F-447E-BB6D-9984E50E6951}.Debug|Any CPU.ActiveCfg = Debug|Any CPU
		{5CD43BBF-139F-447E-BB6D-9984E50E6951}.Debug|Any CPU.Build.0 = Debug|Any CPU
		{5CD43BBF-139F-447E-BB6D-9984E50E6951}.Release|Any CPU.ActiveCfg = Release|Any CPU
		{5CD43BBF-139F-447E-BB6D-9984E50E6951}.Release|Any CPU.Build.0 = Release|Any CPU
		{8208FD76-03F2-4AC8-9106-0C03777775C2}.Debug|Any CPU.ActiveCfg = Debug|Any CPU
		{8208FD76-03F2-4AC8-9106-0C03777775C2}.Debug|Any CPU.Build.0 = Debug|Any CPU
		{8208FD76-03F2-4AC8-9106-0C03777775C2}.Release|Any CPU.ActiveCfg = Release|Any CPU
		{8208FD76-03F2-4AC8-9106-0C03777775C2}.Release|Any CPU.Build.0 = Release|Any CPU
	EndGlobalSection
EndGlobal
